
Microsoft Visual Studio Solution File, Format Version 12.00
# Visual Studio Version 16
VisualStudioVersion = 16.0.29709.97
MinimumVisualStudioVersion = 10.0.40219.1
Project("{FAE04EC0-301F-11D3-BF4B-00C04F79EFBC}") = "webapp", "webapp\webapp.csproj", "{4F3E46D0-CBA0-490D-B5BD-BFFB0DACEF0B}"
EndProject
Global
	GlobalSection(SolutionConfigurationPlatforms) = preSolution
		Debug|Any CPU = Debug|Any CPU
		Release|Any CPU = Release|Any CPU
	EndGlobalSection
	GlobalSection(ProjectConfigurationPlatforms) = postSolution
		{4F3E46D0-CBA0-490D-B5BD-BFFB0DACEF0B}.Debug|Any CPU.ActiveCfg = Debug|Any CPU
		{4F3E46D0-CBA0-490D-B5BD-BFFB0DACEF0B}.Debug|Any CPU.Build.0 = Debug|Any CPU
		{4F3E46D0-CBA0-490D-B5BD-BFFB0DACEF0B}.Release|Any CPU.ActiveCfg = Release|Any CPU
		{4F3E46D0-CBA0-490D-B5BD-BFFB0DACEF0B}.Release|Any CPU.Build.0 = Release|Any CPU
	EndGlobalSection
	GlobalSection(SolutionProperties) = preSolution
		HideSolutionNode = FALSE
	EndGlobalSection
	GlobalSection(ExtensibilityGlobals) = postSolution
		SolutionGuid = {7E082109-76EF-4DAA-8485-7A6E315A6B04}
	EndGlobalSection
EndGlobal
